
Microsoft Visual Studio Solution File, Format Version 12.00
Project("{2150E333-8FDC-42A3-9474-1A3956D46DE8}") = "src", "src", "{CFF2E02D-9803-4C6F-9C84-F6DF6E17D185}"
EndProject
Project("{2150E333-8FDC-42A3-9474-1A3956D46DE8}") = "tests", "tests", "{26C7F517-0F8F-449F-8231-8D17E96B6EB9}"
EndProject
Project("{2150E333-8FDC-42A3-9474-1A3956D46DE8}") = "Backend", "Backend", "{34D07AAE-145B-412E-A1B5-D12A2E181917}"
EndProject
Project("{2150E333-8FDC-42A3-9474-1A3956D46DE8}") = "Shared", "Shared", "{4EDDFB27-04BA-4D4E-9901-D19AB9ACFC66}"
EndProject
Project("{FAE04EC0-301F-11D3-BF4B-00C04F79EFBC}") = "MyRecipeBook.API", "src\Backend\MyRecipeBook.API\MyRecipeBook.API.csproj", "{B44AB30D-02EA-4E6E-B01A-D6C832AE91A6}"
EndProject
Project("{FAE04EC0-301F-11D3-BF4B-00C04F79EFBC}") = "MyRecipeBook.Application", "src\Backend\MyRecipeBook.Application\MyRecipeBook.Application.csproj", "{238D1ADF-5570-4E2A-AB5D-28214CA6F79D}"
EndProject
Project("{FAE04EC0-301F-11D3-BF4B-00C04F79EFBC}") = "MyRecipeBook.Domain", "src\Backend\MyRecipeBook.Domain\MyRecipeBook.Domain.csproj", "{099BE71F-6A0F-48FB-8B7E-38626A395FF5}"
EndProject
Project("{FAE04EC0-301F-11D3-BF4B-00C04F79EFBC}") = "MyRecipeBook.Infrastructure", "src\Backend\MyRecipeBook.Infrastructure\MyRecipeBook.Infrastructure.csproj", "{A9D34344-31C6-49BE-8066-3B4F96E7EED2}"
EndProject
Project("{FAE04EC0-301F-11D3-BF4B-00C04F79EFBC}") = "MyRecipeBook.Communications", "src\Shared\MyRecipeBook.Communications\MyRecipeBook.Communications.csproj", "{B2271A08-06CF-4B01-9139-DF65C1BEAB2D}"
EndProject
Project("{FAE04EC0-301F-11D3-BF4B-00C04F79EFBC}") = "MyRecipeBook.Exceptions", "src\Shared\MyRecipeBook.Exceptions\MyRecipeBook.Exceptions.csproj", "{E1FD33DE-5D1B-422F-AAD9-25B934109CF0}"
EndProject
Global
	GlobalSection(SolutionConfigurationPlatforms) = preSolution
		Debug|Any CPU = Debug|Any CPU
		Release|Any CPU = Release|Any CPU
	EndGlobalSection
	GlobalSection(NestedProjects) = preSolution
		{34D07AAE-145B-412E-A1B5-D12A2E181917} = {CFF2E02D-9803-4C6F-9C84-F6DF6E17D185}
		{4EDDFB27-04BA-4D4E-9901-D19AB9ACFC66} = {CFF2E02D-9803-4C6F-9C84-F6DF6E17D185}
		{B44AB30D-02EA-4E6E-B01A-D6C832AE91A6} = {34D07AAE-145B-412E-A1B5-D12A2E181917}
		{238D1ADF-5570-4E2A-AB5D-28214CA6F79D} = {34D07AAE-145B-412E-A1B5-D12A2E181917}
		{099BE71F-6A0F-48FB-8B7E-38626A395FF5} = {34D07AAE-145B-412E-A1B5-D12A2E181917}
		{A9D34344-31C6-49BE-8066-3B4F96E7EED2} = {34D07AAE-145B-412E-A1B5-D12A2E181917}
		{B2271A08-06CF-4B01-9139-DF65C1BEAB2D} = {4EDDFB27-04BA-4D4E-9901-D19AB9ACFC66}
		{E1FD33DE-5D1B-422F-AAD9-25B934109CF0} = {4EDDFB27-04BA-4D4E-9901-D19AB9ACFC66}
	EndGlobalSection
	GlobalSection(ProjectConfigurationPlatforms) = postSolution
		{B44AB30D-02EA-4E6E-B01A-D6C832AE91A6}.Debug|Any CPU.ActiveCfg = Debug|Any CPU
		{B44AB30D-02EA-4E6E-B01A-D6C832AE91A6}.Debug|Any CPU.Build.0 = Debug|Any CPU
		{B44AB30D-02EA-4E6E-B01A-D6C832AE91A6}.Release|Any CPU.ActiveCfg = Release|Any CPU
		{B44AB30D-02EA-4E6E-B01A-D6C832AE91A6}.Release|Any CPU.Build.0 = Release|Any CPU
		{238D1ADF-5570-4E2A-AB5D-28214CA6F79D}.Debug|Any CPU.ActiveCfg = Debug|Any CPU
		{238D1ADF-5570-4E2A-AB5D-28214CA6F79D}.Debug|Any CPU.Build.0 = Debug|Any CPU
		{238D1ADF-5570-4E2A-AB5D-28214CA6F79D}.Release|Any CPU.ActiveCfg = Release|Any CPU
		{238D1ADF-5570-4E2A-AB5D-28214CA6F79D}.Release|Any CPU.Build.0 = Release|Any CPU
		{099BE71F-6A0F-48FB-8B7E-38626A395FF5}.Debug|Any CPU.ActiveCfg = Debug|Any CPU
		{099BE71F-6A0F-48FB-8B7E-38626A395FF5}.Debug|Any CPU.Build.0 = Debug|Any CPU
		{099BE71F-6A0F-48FB-8B7E-38626A395FF5}.Release|Any CPU.ActiveCfg = Release|Any CPU
		{099BE71F-6A0F-48FB-8B7E-38626A395FF5}.Release|Any CPU.Build.0 = Release|Any CPU
		{A9D34344-31C6-49BE-8066-3B4F96E7EED2}.Debug|Any CPU.ActiveCfg = Debug|Any CPU
		{A9D34344-31C6-49BE-8066-3B4F96E7EED2}.Debug|Any CPU.Build.0 = Debug|Any CPU
		{A9D34344-31C6-49BE-8066-3B4F96E7EED2}.Release|Any CPU.ActiveCfg = Release|Any CPU
		{A9D34344-31C6-49BE-8066-3B4F96E7EED2}.Release|Any CPU.Build.0 = Release|Any CPU
		{B2271A08-06CF-4B01-9139-DF65C1BEAB2D}.Debug|Any CPU.ActiveCfg = Debug|Any CPU
		{B2271A08-06CF-4B01-9139-DF65C1BEAB2D}.Debug|Any CPU.Build.0 = Debug|Any CPU
		{B2271A08-06CF-4B01-9139-DF65C1BEAB2D}.Release|Any CPU.ActiveCfg = Release|Any CPU
		{B2271A08-06CF-4B01-9139-DF65C1BEAB2D}.Release|Any CPU.Build.0 = Release|Any CPU
		{E1FD33DE-5D1B-422F-AAD9-25B934109CF0}.Debug|Any CPU.ActiveCfg = Debug|Any CPU
		{E1FD33DE-5D1B-422F-AAD9-25B934109CF0}.Debug|Any CPU.Build.0 = Debug|Any CPU
		{E1FD33DE-5D1B-422F-AAD9-25B934109CF0}.Release|Any CPU.ActiveCfg = Release|Any CPU
		{E1FD33DE-5D1B-422F-AAD9-25B934109CF0}.Release|Any CPU.Build.0 = Release|Any CPU
	EndGlobalSection
EndGlobal
